
Microsoft Visual Studio Solution File, Format Version 12.00
# Visual Studio Version 16
VisualStudioVersion = 16.0.31702.278
MinimumVisualStudioVersion = 10.0.40219.1
Project("{8BC9CEB8-8B4A-11D0-8D11-00A0C91BC942}") = "ch4-1", "ch4-1\ch4-1.vcxproj", "{E0E58CA9-F43F-499B-A6BD-149F1879A995}"
EndProject
Project("{8BC9CEB8-8B4A-11D0-8D11-00A0C91BC942}") = "ch4-2", "ch4-2\ch4-2.vcxproj", "{DB34671F-5687-409A-A7F9-37608E384328}"
EndProject
Project("{8BC9CEB8-8B4A-11D0-8D11-00A0C91BC942}") = "ch4-3", "ch4-3\ch4-3.vcxproj", "{82AD8114-EE55-4B58-96B6-388DC1667562}"
EndProject
Project("{8BC9CEB8-8B4A-11D0-8D11-00A0C91BC942}") = "ch4-4", "ch4-4\ch4-4.vcxproj", "{D95C5DDD-0123-4C69-A568-AE301F4E3B16}"
EndProject
Project("{8BC9CEB8-8B4A-11D0-8D11-00A0C91BC942}") = "ch4-5", "ch4-5\ch4-5.vcxproj", "{65DF564B-BF6E-4E5C-9E74-EC8483936454}"
EndProject
Project("{8BC9CEB8-8B4A-11D0-8D11-00A0C91BC942}") = "ch4-6", "ch4-6\ch4-6.vcxproj", "{3EA59D7D-590C-423A-8BCB-C7EED909240C}"
EndProject
Project("{8BC9CEB8-8B4A-11D0-8D11-00A0C91BC942}") = "ch4-8", "ch4-8\ch4-8.vcxproj", "{741705CF-76E7-48E0-B783-BDA238F85F08}"
EndProject
Project("{8BC9CEB8-8B4A-11D0-8D11-00A0C91BC942}") = "ch4-9", "ch4-9\ch4-9.vcxproj", "{22B7C839-5506-4312-9705-879B57DA96E3}"
EndProject
Project("{8BC9CEB8-8B4A-11D0-8D11-00A0C91BC942}") = "ch4-11", "ch4-11\ch4-11.vcxproj", "{B1888564-51DF-4745-B947-EDBABA3021B9}"
EndProject
Project("{8BC9CEB8-8B4A-11D0-8D11-00A0C91BC942}") = "ch4-OpenChallenge", "ch4-OpenChallenge\ch4-OpenChallenge.vcxproj", "{D30F78E5-3A1C-4072-8791-037B9C460BAE}"
EndProject
Global
	GlobalSection(SolutionConfigurationPlatforms) = preSolution
		Debug|x64 = Debug|x64
		Debug|x86 = Debug|x86
		Release|x64 = Release|x64
		Release|x86 = Release|x86
	EndGlobalSection
	GlobalSection(ProjectConfigurationPlatforms) = postSolution
		{E0E58CA9-F43F-499B-A6BD-149F1879A995}.Debug|x64.ActiveCfg = Debug|x64
		{E0E58CA9-F43F-499B-A6BD-149F1879A995}.Debug|x64.Build.0 = Debug|x64
		{E0E58CA9-F43F-499B-A6BD-149F1879A995}.Debug|x86.ActiveCfg = Debug|Win32
		{E0E58CA9-F43F-499B-A6BD-149F1879A995}.Debug|x86.Build.0 = Debug|Win32
		{E0E58CA9-F43F-499B-A6BD-149F1879A995}.Release|x64.ActiveCfg = Release|x64
		{E0E58CA9-F43F-499B-A6BD-149F1879A995}.Release|x64.Build.0 = Release|x64
		{E0E58CA9-F43F-499B-A6BD-149F1879A995}.Release|x86.ActiveCfg = Release|Win32
		{E0E58CA9-F43F-499B-A6BD-149F1879A995}.Release|x86.Build.0 = Release|Win32
		{DB34671F-5687-409A-A7F9-37608E384328}.Debug|x64.ActiveCfg = Debug|x64
		{DB34671F-5687-409A-A7F9-37608E384328}.Debug|x64.Build.0 = Debug|x64
		{DB34671F-5687-409A-A7F9-37608E384328}.Debug|x86.ActiveCfg = Debug|Win32
		{DB34671F-5687-409A-A7F9-37608E384328}.Debug|x86.Build.0 = Debug|Win32
		{DB34671F-5687-409A-A7F9-37608E384328}.Release|x64.ActiveCfg = Release|x64
		{DB34671F-5687-409A-A7F9-37608E384328}.Release|x64.Build.0 = Release|x64
		{DB34671F-5687-409A-A7F9-37608E384328}.Release|x86.ActiveCfg = Release|Win32
		{DB34671F-5687-409A-A7F9-37608E384328}.Release|x86.Build.0 = Release|Win32
		{82AD8114-EE55-4B58-96B6-388DC1667562}.Debug|x64.ActiveCfg = Debug|x64
		{82AD8114-EE55-4B58-96B6-388DC1667562}.Debug|x64.Build.0 = Debug|x64
		{82AD8114-EE55-4B58-96B6-388DC1667562}.Debug|x86.ActiveCfg = Debug|Win32
		{82AD8114-EE55-4B58-96B6-388DC1667562}.Debug|x86.Build.0 = Debug|Win32
		{82AD8114-EE55-4B58-96B6-388DC1667562}.Release|x64.ActiveCfg = Release|x64
		{82AD8114-EE55-4B58-96B6-388DC1667562}.Release|x64.Build.0 = Release|x64
		{82AD8114-EE55-4B58-96B6-388DC1667562}.Release|x86.ActiveCfg = Release|Win32
		{82AD8114-EE55-4B58-96B6-388DC1667562}.Release|x86.Build.0 = Release|Win32
		{D95C5DDD-0123-4C69-A568-AE301F4E3B16}.Debug|x64.ActiveCfg = Debug|x64
		{D95C5DDD-0123-4C69-A568-AE301F4E3B16}.Debug|x64.Build.0 = Debug|x64
		{D95C5DDD-0123-4C69-A568-AE301F4E3B16}.Debug|x86.ActiveCfg = Debug|Win32
		{D95C5DDD-0123-4C69-A568-AE301F4E3B16}.Debug|x86.Build.0 = Debug|Win32
		{D95C5DDD-0123-4C69-A568-AE301F4E3B16}.Release|x64.ActiveCfg = Release|x64
		{D95C5DDD-0123-4C69-A568-AE301F4E3B16}.Release|x64.Build.0 = Release|x64
		{D95C5DDD-0123-4C69-A568-AE301F4E3B16}.Release|x86.ActiveCfg = Release|Win32
		{D95C5DDD-0123-4C69-A568-AE301F4E3B16}.Release|x86.Build.0 = Release|Win32
		{65DF564B-BF6E-4E5C-9E74-EC8483936454}.Debug|x64.ActiveCfg = Debug|x64
		{65DF564B-BF6E-4E5C-9E74-EC8483936454}.Debug|x64.Build.0 = Debug|x64
		{65DF564B-BF6E-4E5C-9E74-EC8483936454}.Debug|x86.ActiveCfg = Debug|Win32
		{65DF564B-BF6E-4E5C-9E74-EC8483936454}.Debug|x86.Build.0 = Debug|Win32
		{65DF564B-BF6E-4E5C-9E74-EC8483936454}.Release|x64.ActiveCfg = Release|x64
		{65DF564B-BF6E-4E5C-9E74-EC8483936454}.Release|x64.Build.0 = Release|x64
		{65DF564B-BF6E-4E5C-9E74-EC8483936454}.Release|x86.ActiveCfg = Release|Win32
		{65DF564B-BF6E-4E5C-9E74-EC8483936454}.Release|x86.Build.0 = Release|Win32
		{3EA59D7D-590C-423A-8BCB-C7EED909240C}.Debug|x64.ActiveCfg = Debug|x64
		{3EA59D7D-590C-423A-8BCB-C7EED909240C}.Debug|x64.Build.0 = Debug|x64
		{3EA59D7D-590C-423A-8BCB-C7EED909240C}.Debug|x86.ActiveCfg = Debug|Win32
		{3EA59D7D-590C-423A-8BCB-C7EED909240C}.Debug|x86.Build.0 = Debug|Win32
		{3EA59D7D-590C-423A-8BCB-C7EED909240C}.Release|x64.ActiveCfg = Release|x64
		{3EA59D7D-590C-423A-8BCB-C7EED909240C}.Release|x64.Build.0 = Release|x64
		{3EA59D7D-590C-423A-8BCB-C7EED909240C}.Release|x86.ActiveCfg = Release|Win32
		{3EA59D7D-590C-423A-8BCB-C7EED909240C}.Release|x86.Build.0 = Release|Win32
		{741705CF-76E7-48E0-B783-BDA238F85F08}.Debug|x64.ActiveCfg = Debug|x64
		{741705CF-76E7-48E0-B783-BDA238F85F08}.Debug|x64.Build.0 = Debug|x64
		{741705CF-76E7-48E0-B783-BDA238F85F08}.Debug|x86.ActiveCfg = Debug|Win32
		{741705CF-76E7-48E0-B783-BDA238F85F08}.Debug|x86.Build.0 = Debug|Win32
		{741705CF-76E7-48E0-B783-BDA238F85F08}.Release|x64.ActiveCfg = Release|x64
		{741705CF-76E7-48E0-B783-BDA238F85F08}.Release|x64.Build.0 = Release|x64
		{741705CF-76E7-48E0-B783-BDA238F85F08}.Release|x86.ActiveCfg = Release|Win32
		{741705CF-76E7-48E0-B783-BDA238F85F08}.Release|x86.Build.0 = Release|Win32
		{22B7C839-5506-4312-9705-879B57DA96E3}.Debug|x64.ActiveCfg = Debug|x64
		{22B7C839-5506-4312-9705-879B57DA96E3}.Debug|x64.Build.0 = Debug|x64
		{22B7C839-5506-4312-9705-879B57DA96E3}.Debug|x86.ActiveCfg = Debug|Win32
		{22B7C839-5506-4312-9705-879B57DA96E3}.Debug|x86.Build.0 = Debug|Win32
		{22B7C839-5506-4312-9705-879B57DA96E3}.Release|x64.ActiveCfg = Release|x64
		{22B7C839-5506-4312-9705-879B57DA96E3}.Release|x64.Build.0 = Release|x64
		{22B7C839-5506-4312-9705-879B57DA96E3}.Release|x86.ActiveCfg = Release|Win32
		{22B7C839-5506-4312-9705-879B57DA96E3}.Release|x86.Build.0 = Release|Win32
		{B1888564-51DF-4745-B947-EDBABA3021B9}.Debug|x64.ActiveCfg = Debug|x64
		{B1888564-51DF-4745-B947-EDBABA3021B9}.Debug|x64.Build.0 = Debug|x64
		{B1888564-51DF-4745-B947-EDBABA3021B9}.Debug|x86.ActiveCfg = Debug|Win32
		{B1888564-51DF-4745-B947-EDBABA3021B9}.Debug|x86.Build.0 = Debug|Win32
		{B1888564-51DF-4745-B947-EDBABA3021B9}.Release|x64.ActiveCfg = Release|x64
		{B1888564-51DF-4745-B947-EDBABA3021B9}.Release|x64.Build.0 = Release|x64
		{B1888564-51DF-4745-B947-EDBABA3021B9}.Release|x86.ActiveCfg = Release|Win32
		{B1888564-51DF-4745-B947-EDBABA3021B9}.Release|x86.Build.0 = Release|Win32
		{D30F78E5-3A1C-4072-8791-037B9C460BAE}.Debug|x64.ActiveCfg = Debug|x64
		{D30F78E5-3A1C-4072-8791-037B9C460BAE}.Debug|x64.Build.0 = Debug|x64
		{D30F78E5-3A1C-4072-8791-037B9C460BAE}.Debug|x86.ActiveCfg = Debug|Win32
		{D30F78E5-3A1C-4072-8791-037B9C460BAE}.Debug|x86.Build.0 = Debug|Win32
		{D30F78E5-3A1C-4072-8791-037B9C460BAE}.Release|x64.ActiveCfg = Release|x64
		{D30F78E5-3A1C-4072-8791-037B9C460BAE}.Release|x64.Build.0 = Release|x64
		{D30F78E5-3A1C-4072-8791-037B9C460BAE}.Release|x86.ActiveCfg = Release|Win32
		{D30F78E5-3A1C-4072-8791-037B9C460BAE}.Release|x86.Build.0 = Release|Win32
	EndGlobalSection
	GlobalSection(SolutionProperties) = preSolution
		HideSolutionNode = FALSE
	EndGlobalSection
	GlobalSection(ExtensibilityGlobals) = postSolution
		SolutionGuid = {7C4784B0-912B-4C39-AC8C-86B0DF0AC05F}
	EndGlobalSection
EndGlobal
