
Microsoft Visual Studio Solution File, Format Version 12.00
# Visual Studio Version 16
VisualStudioVersion = 16.0.31702.278
MinimumVisualStudioVersion = 10.0.40219.1
Project("{8BC9CEB8-8B4A-11D0-8D11-00A0C91BC942}") = "ch14-1", "ch14-1\ch14-1.vcxproj", "{354FAF03-9665-4BA3-892D-4779C6EB6CF7}"
EndProject
Project("{8BC9CEB8-8B4A-11D0-8D11-00A0C91BC942}") = "ch14-2", "ch14-2\ch14-2.vcxproj", "{54B22A92-CEA0-49F1-9CB4-0383CF801AB1}"
EndProject
Project("{8BC9CEB8-8B4A-11D0-8D11-00A0C91BC942}") = "ch14-3", "ch14-3\ch14-3.vcxproj", "{40F8083D-1F5C-4ED4-9225-D1ECA9F1AC34}"
EndProject
Project("{8BC9CEB8-8B4A-11D0-8D11-00A0C91BC942}") = "ch15-1", "ch15-1\ch15-1.vcxproj", "{FAC64526-8C90-4046-A053-518027625C50}"
EndProject
Project("{8BC9CEB8-8B4A-11D0-8D11-00A0C91BC942}") = "ch15-2", "ch15-2\ch15-2.vcxproj", "{8BDF5713-5B6F-4D18-B115-99FEBB2F64A7}"
EndProject
Project("{8BC9CEB8-8B4A-11D0-8D11-00A0C91BC942}") = "ch15-3", "ch15-3\ch15-3.vcxproj", "{2649562B-DDF2-4FEA-B6AE-98ED47809F4C}"
EndProject
Project("{8BC9CEB8-8B4A-11D0-8D11-00A0C91BC942}") = "ch16-1", "ch16-1\ch16-1.vcxproj", "{1B26AC9C-98BC-426F-9DDC-10983164D9C0}"
EndProject
Project("{8BC9CEB8-8B4A-11D0-8D11-00A0C91BC942}") = "ch16-2", "ch16-2\ch16-2.vcxproj", "{7A3D8909-7581-4316-B4AD-9919D301BCBC}"
EndProject
Project("{8BC9CEB8-8B4A-11D0-8D11-00A0C91BC942}") = "ch16-3", "ch16-3\ch16-3.vcxproj", "{CEFDF5EA-AC61-4E75-87E8-B98D7CAD0CCE}"
EndProject
Global
	GlobalSection(SolutionConfigurationPlatforms) = preSolution
		Debug|x64 = Debug|x64
		Debug|x86 = Debug|x86
		Release|x64 = Release|x64
		Release|x86 = Release|x86
	EndGlobalSection
	GlobalSection(ProjectConfigurationPlatforms) = postSolution
		{354FAF03-9665-4BA3-892D-4779C6EB6CF7}.Debug|x64.ActiveCfg = Debug|x64
		{354FAF03-9665-4BA3-892D-4779C6EB6CF7}.Debug|x64.Build.0 = Debug|x64
		{354FAF03-9665-4BA3-892D-4779C6EB6CF7}.Debug|x86.ActiveCfg = Debug|Win32
		{354FAF03-9665-4BA3-892D-4779C6EB6CF7}.Debug|x86.Build.0 = Debug|Win32
		{354FAF03-9665-4BA3-892D-4779C6EB6CF7}.Release|x64.ActiveCfg = Release|x64
		{354FAF03-9665-4BA3-892D-4779C6EB6CF7}.Release|x64.Build.0 = Release|x64
		{354FAF03-9665-4BA3-892D-4779C6EB6CF7}.Release|x86.ActiveCfg = Release|Win32
		{354FAF03-9665-4BA3-892D-4779C6EB6CF7}.Release|x86.Build.0 = Release|Win32
		{54B22A92-CEA0-49F1-9CB4-0383CF801AB1}.Debug|x64.ActiveCfg = Debug|x64
		{54B22A92-CEA0-49F1-9CB4-0383CF801AB1}.Debug|x64.Build.0 = Debug|x64
		{54B22A92-CEA0-49F1-9CB4-0383CF801AB1}.Debug|x86.ActiveCfg = Debug|Win32
		{54B22A92-CEA0-49F1-9CB4-0383CF801AB1}.Debug|x86.Build.0 = Debug|Win32
		{54B22A92-CEA0-49F1-9CB4-0383CF801AB1}.Release|x64.ActiveCfg = Release|x64
		{54B22A92-CEA0-49F1-9CB4-0383CF801AB1}.Release|x64.Build.0 = Release|x64
		{54B22A92-CEA0-49F1-9CB4-0383CF801AB1}.Release|x86.ActiveCfg = Release|Win32
		{54B22A92-CEA0-49F1-9CB4-0383CF801AB1}.Release|x86.Build.0 = Release|Win32
		{40F8083D-1F5C-4ED4-9225-D1ECA9F1AC34}.Debug|x64.ActiveCfg = Debug|x64
		{40F8083D-1F5C-4ED4-9225-D1ECA9F1AC34}.Debug|x64.Build.0 = Debug|x64
		{40F8083D-1F5C-4ED4-9225-D1ECA9F1AC34}.Debug|x86.ActiveCfg = Debug|Win32
		{40F8083D-1F5C-4ED4-9225-D1ECA9F1AC34}.Debug|x86.Build.0 = Debug|Win32
		{40F8083D-1F5C-4ED4-9225-D1ECA9F1AC34}.Release|x64.ActiveCfg = Release|x64
		{40F8083D-1F5C-4ED4-9225-D1ECA9F1AC34}.Release|x64.Build.0 = Release|x64
		{40F8083D-1F5C-4ED4-9225-D1ECA9F1AC34}.Release|x86.ActiveCfg = Release|Win32
		{40F8083D-1F5C-4ED4-9225-D1ECA9F1AC34}.Release|x86.Build.0 = Release|Win32
		{FAC64526-8C90-4046-A053-518027625C50}.Debug|x64.ActiveCfg = Debug|x64
		{FAC64526-8C90-4046-A053-518027625C50}.Debug|x64.Build.0 = Debug|x64
		{FAC64526-8C90-4046-A053-518027625C50}.Debug|x86.ActiveCfg = Debug|Win32
		{FAC64526-8C90-4046-A053-518027625C50}.Debug|x86.Build.0 = Debug|Win32
		{FAC64526-8C90-4046-A053-518027625C50}.Release|x64.ActiveCfg = Release|x64
		{FAC64526-8C90-4046-A053-518027625C50}.Release|x64.Build.0 = Release|x64
		{FAC64526-8C90-4046-A053-518027625C50}.Release|x86.ActiveCfg = Release|Win32
		{FAC64526-8C90-4046-A053-518027625C50}.Release|x86.Build.0 = Release|Win32
		{8BDF5713-5B6F-4D18-B115-99FEBB2F64A7}.Debug|x64.ActiveCfg = Debug|x64
		{8BDF5713-5B6F-4D18-B115-99FEBB2F64A7}.Debug|x64.Build.0 = Debug|x64
		{8BDF5713-5B6F-4D18-B115-99FEBB2F64A7}.Debug|x86.ActiveCfg = Debug|Win32
		{8BDF5713-5B6F-4D18-B115-99FEBB2F64A7}.Debug|x86.Build.0 = Debug|Win32
		{8BDF5713-5B6F-4D18-B115-99FEBB2F64A7}.Release|x64.ActiveCfg = Release|x64
		{8BDF5713-5B6F-4D18-B115-99FEBB2F64A7}.Release|x64.Build.0 = Release|x64
		{8BDF5713-5B6F-4D18-B115-99FEBB2F64A7}.Release|x86.ActiveCfg = Release|Win32
		{8BDF5713-5B6F-4D18-B115-99FEBB2F64A7}.Release|x86.Build.0 = Release|Win32
		{2649562B-DDF2-4FEA-B6AE-98ED47809F4C}.Debug|x64.ActiveCfg = Debug|x64
		{2649562B-DDF2-4FEA-B6AE-98ED47809F4C}.Debug|x64.Build.0 = Debug|x64
		{2649562B-DDF2-4FEA-B6AE-98ED47809F4C}.Debug|x86.ActiveCfg = Debug|Win32
		{2649562B-DDF2-4FEA-B6AE-98ED47809F4C}.Debug|x86.Build.0 = Debug|Win32
		{2649562B-DDF2-4FEA-B6AE-98ED47809F4C}.Release|x64.ActiveCfg = Release|x64
		{2649562B-DDF2-4FEA-B6AE-98ED47809F4C}.Release|x64.Build.0 = Release|x64
		{2649562B-DDF2-4FEA-B6AE-98ED47809F4C}.Release|x86.ActiveCfg = Release|Win32
		{2649562B-DDF2-4FEA-B6AE-98ED47809F4C}.Release|x86.Build.0 = Release|Win32
		{1B26AC9C-98BC-426F-9DDC-10983164D9C0}.Debug|x64.ActiveCfg = Debug|x64
		{1B26AC9C-98BC-426F-9DDC-10983164D9C0}.Debug|x64.Build.0 = Debug|x64
		{1B26AC9C-98BC-426F-9DDC-10983164D9C0}.Debug|x86.ActiveCfg = Debug|Win32
		{1B26AC9C-98BC-426F-9DDC-10983164D9C0}.Debug|x86.Build.0 = Debug|Win32
		{1B26AC9C-98BC-426F-9DDC-10983164D9C0}.Release|x64.ActiveCfg = Release|x64
		{1B26AC9C-98BC-426F-9DDC-10983164D9C0}.Release|x64.Build.0 = Release|x64
		{1B26AC9C-98BC-426F-9DDC-10983164D9C0}.Release|x86.ActiveCfg = Release|Win32
		{1B26AC9C-98BC-426F-9DDC-10983164D9C0}.Release|x86.Build.0 = Release|Win32
		{7A3D8909-7581-4316-B4AD-9919D301BCBC}.Debug|x64.ActiveCfg = Debug|x64
		{7A3D8909-7581-4316-B4AD-9919D301BCBC}.Debug|x64.Build.0 = Debug|x64
		{7A3D8909-7581-4316-B4AD-9919D301BCBC}.Debug|x86.ActiveCfg = Debug|Win32
		{7A3D8909-7581-4316-B4AD-9919D301BCBC}.Debug|x86.Build.0 = Debug|Win32
		{7A3D8909-7581-4316-B4AD-9919D301BCBC}.Release|x64.ActiveCfg = Release|x64
		{7A3D8909-7581-4316-B4AD-9919D301BCBC}.Release|x64.Build.0 = Release|x64
		{7A3D8909-7581-4316-B4AD-9919D301BCBC}.Release|x86.ActiveCfg = Release|Win32
		{7A3D8909-7581-4316-B4AD-9919D301BCBC}.Release|x86.Build.0 = Release|Win32
		{CEFDF5EA-AC61-4E75-87E8-B98D7CAD0CCE}.Debug|x64.ActiveCfg = Debug|x64
		{CEFDF5EA-AC61-4E75-87E8-B98D7CAD0CCE}.Debug|x64.Build.0 = Debug|x64
		{CEFDF5EA-AC61-4E75-87E8-B98D7CAD0CCE}.Debug|x86.ActiveCfg = Debug|Win32
		{CEFDF5EA-AC61-4E75-87E8-B98D7CAD0CCE}.Debug|x86.Build.0 = Debug|Win32
		{CEFDF5EA-AC61-4E75-87E8-B98D7CAD0CCE}.Release|x64.ActiveCfg = Release|x64
		{CEFDF5EA-AC61-4E75-87E8-B98D7CAD0CCE}.Release|x64.Build.0 = Release|x64
		{CEFDF5EA-AC61-4E75-87E8-B98D7CAD0CCE}.Release|x86.ActiveCfg = Release|Win32
		{CEFDF5EA-AC61-4E75-87E8-B98D7CAD0CCE}.Release|x86.Build.0 = Release|Win32
	EndGlobalSection
	GlobalSection(SolutionProperties) = preSolution
		HideSolutionNode = FALSE
	EndGlobalSection
	GlobalSection(ExtensibilityGlobals) = postSolution
		SolutionGuid = {0E0E0FAF-06BA-4962-9A0E-F41E53A80D12}
	EndGlobalSection
EndGlobal
