
Microsoft Visual Studio Solution File, Format Version 12.00
# Visual Studio Version 16
VisualStudioVersion = 16.0.31702.278
MinimumVisualStudioVersion = 10.0.40219.1
Project("{8BC9CEB8-8B4A-11D0-8D11-00A0C91BC942}") = "ch6-4", "ch6-4\ch6-4.vcxproj", "{C3FC23A3-D160-4E1F-A3C3-EA74CD3B6094}"
EndProject
Project("{8BC9CEB8-8B4A-11D0-8D11-00A0C91BC942}") = "ch6-7", "ch6-7\ch6-7.vcxproj", "{654954A6-A65A-472F-BDD6-41A59A35961D}"
EndProject
Project("{8BC9CEB8-8B4A-11D0-8D11-00A0C91BC942}") = "ch6-8", "ch6-8\ch6-8.vcxproj", "{65BE9E2B-6456-4956-9BBA-E6CC403E50FF}"
EndProject
Project("{8BC9CEB8-8B4A-11D0-8D11-00A0C91BC942}") = "ch6-9", "ch6-9\ch6-9.vcxproj", "{E8980E58-20B3-44A0-A46C-8125FFAE2220}"
EndProject
Project("{8BC9CEB8-8B4A-11D0-8D11-00A0C91BC942}") = "ch6-OpenChallenge", "ch6-OpenChallenge\ch6-OpenChallenge.vcxproj", "{F12EDC33-B163-4A47-88C0-3FDD4C05A7E8}"
EndProject
Project("{8BC9CEB8-8B4A-11D0-8D11-00A0C91BC942}") = "ch6-1-1", "ch6-1-1\ch6-1-1.vcxproj", "{6680187E-A56B-4115-B8EF-B657D42E0F9C}"
EndProject
Project("{8BC9CEB8-8B4A-11D0-8D11-00A0C91BC942}") = "ch6-1-2", "ch6-1-2\ch6-1-2.vcxproj", "{C3FFE129-3D22-483D-BE46-740780CAFEA0}"
EndProject
Project("{8BC9CEB8-8B4A-11D0-8D11-00A0C91BC942}") = "ch6-2-1", "ch6-2-1\ch6-2-1.vcxproj", "{B6127828-DCE1-450E-88B0-E20FCD3BCAE0}"
EndProject
Project("{8BC9CEB8-8B4A-11D0-8D11-00A0C91BC942}") = "ch6-2-2", "ch6-2-2\ch6-2-2.vcxproj", "{ABDA60FB-F850-4674-A415-26262287A734}"
EndProject
Project("{8BC9CEB8-8B4A-11D0-8D11-00A0C91BC942}") = "ch6-3-1", "ch6-3-1\ch6-3-1.vcxproj", "{734C1B1E-FBB9-4327-BEF3-F885FA93DA96}"
EndProject
Project("{8BC9CEB8-8B4A-11D0-8D11-00A0C91BC942}") = "ch6-3-2", "ch6-3-2\ch6-3-2.vcxproj", "{68A8965F-1A54-4A92-A441-17A8AC0F895A}"
EndProject
Global
	GlobalSection(SolutionConfigurationPlatforms) = preSolution
		Debug|x64 = Debug|x64
		Debug|x86 = Debug|x86
		Release|x64 = Release|x64
		Release|x86 = Release|x86
	EndGlobalSection
	GlobalSection(ProjectConfigurationPlatforms) = postSolution
		{C3FC23A3-D160-4E1F-A3C3-EA74CD3B6094}.Debug|x64.ActiveCfg = Debug|x64
		{C3FC23A3-D160-4E1F-A3C3-EA74CD3B6094}.Debug|x64.Build.0 = Debug|x64
		{C3FC23A3-D160-4E1F-A3C3-EA74CD3B6094}.Debug|x86.ActiveCfg = Debug|Win32
		{C3FC23A3-D160-4E1F-A3C3-EA74CD3B6094}.Debug|x86.Build.0 = Debug|Win32
		{C3FC23A3-D160-4E1F-A3C3-EA74CD3B6094}.Release|x64.ActiveCfg = Release|x64
		{C3FC23A3-D160-4E1F-A3C3-EA74CD3B6094}.Release|x64.Build.0 = Release|x64
		{C3FC23A3-D160-4E1F-A3C3-EA74CD3B6094}.Release|x86.ActiveCfg = Release|Win32
		{C3FC23A3-D160-4E1F-A3C3-EA74CD3B6094}.Release|x86.Build.0 = Release|Win32
		{654954A6-A65A-472F-BDD6-41A59A35961D}.Debug|x64.ActiveCfg = Debug|x64
		{654954A6-A65A-472F-BDD6-41A59A35961D}.Debug|x64.Build.0 = Debug|x64
		{654954A6-A65A-472F-BDD6-41A59A35961D}.Debug|x86.ActiveCfg = Debug|Win32
		{654954A6-A65A-472F-BDD6-41A59A35961D}.Debug|x86.Build.0 = Debug|Win32
		{654954A6-A65A-472F-BDD6-41A59A35961D}.Release|x64.ActiveCfg = Release|x64
		{654954A6-A65A-472F-BDD6-41A59A35961D}.Release|x64.Build.0 = Release|x64
		{654954A6-A65A-472F-BDD6-41A59A35961D}.Release|x86.ActiveCfg = Release|Win32
		{654954A6-A65A-472F-BDD6-41A59A35961D}.Release|x86.Build.0 = Release|Win32
		{65BE9E2B-6456-4956-9BBA-E6CC403E50FF}.Debug|x64.ActiveCfg = Debug|x64
		{65BE9E2B-6456-4956-9BBA-E6CC403E50FF}.Debug|x64.Build.0 = Debug|x64
		{65BE9E2B-6456-4956-9BBA-E6CC403E50FF}.Debug|x86.ActiveCfg = Debug|Win32
		{65BE9E2B-6456-4956-9BBA-E6CC403E50FF}.Debug|x86.Build.0 = Debug|Win32
		{65BE9E2B-6456-4956-9BBA-E6CC403E50FF}.Release|x64.ActiveCfg = Release|x64
		{65BE9E2B-6456-4956-9BBA-E6CC403E50FF}.Release|x64.Build.0 = Release|x64
		{65BE9E2B-6456-4956-9BBA-E6CC403E50FF}.Release|x86.ActiveCfg = Release|Win32
		{65BE9E2B-6456-4956-9BBA-E6CC403E50FF}.Release|x86.Build.0 = Release|Win32
		{E8980E58-20B3-44A0-A46C-8125FFAE2220}.Debug|x64.ActiveCfg = Debug|x64
		{E8980E58-20B3-44A0-A46C-8125FFAE2220}.Debug|x64.Build.0 = Debug|x64
		{E8980E58-20B3-44A0-A46C-8125FFAE2220}.Debug|x86.ActiveCfg = Debug|Win32
		{E8980E58-20B3-44A0-A46C-8125FFAE2220}.Debug|x86.Build.0 = Debug|Win32
		{E8980E58-20B3-44A0-A46C-8125FFAE2220}.Release|x64.ActiveCfg = Release|x64
		{E8980E58-20B3-44A0-A46C-8125FFAE2220}.Release|x64.Build.0 = Release|x64
		{E8980E58-20B3-44A0-A46C-8125FFAE2220}.Release|x86.ActiveCfg = Release|Win32
		{E8980E58-20B3-44A0-A46C-8125FFAE2220}.Release|x86.Build.0 = Release|Win32
		{F12EDC33-B163-4A47-88C0-3FDD4C05A7E8}.Debug|x64.ActiveCfg = Debug|x64
		{F12EDC33-B163-4A47-88C0-3FDD4C05A7E8}.Debug|x64.Build.0 = Debug|x64
		{F12EDC33-B163-4A47-88C0-3FDD4C05A7E8}.Debug|x86.ActiveCfg = Debug|Win32
		{F12EDC33-B163-4A47-88C0-3FDD4C05A7E8}.Debug|x86.Build.0 = Debug|Win32
		{F12EDC33-B163-4A47-88C0-3FDD4C05A7E8}.Release|x64.ActiveCfg = Release|x64
		{F12EDC33-B163-4A47-88C0-3FDD4C05A7E8}.Release|x64.Build.0 = Release|x64
		{F12EDC33-B163-4A47-88C0-3FDD4C05A7E8}.Release|x86.ActiveCfg = Release|Win32
		{F12EDC33-B163-4A47-88C0-3FDD4C05A7E8}.Release|x86.Build.0 = Release|Win32
		{6680187E-A56B-4115-B8EF-B657D42E0F9C}.Debug|x64.ActiveCfg = Debug|x64
		{6680187E-A56B-4115-B8EF-B657D42E0F9C}.Debug|x64.Build.0 = Debug|x64
		{6680187E-A56B-4115-B8EF-B657D42E0F9C}.Debug|x86.ActiveCfg = Debug|Win32
		{6680187E-A56B-4115-B8EF-B657D42E0F9C}.Debug|x86.Build.0 = Debug|Win32
		{6680187E-A56B-4115-B8EF-B657D42E0F9C}.Release|x64.ActiveCfg = Release|x64
		{6680187E-A56B-4115-B8EF-B657D42E0F9C}.Release|x64.Build.0 = Release|x64
		{6680187E-A56B-4115-B8EF-B657D42E0F9C}.Release|x86.ActiveCfg = Release|Win32
		{6680187E-A56B-4115-B8EF-B657D42E0F9C}.Release|x86.Build.0 = Release|Win32
		{C3FFE129-3D22-483D-BE46-740780CAFEA0}.Debug|x64.ActiveCfg = Debug|x64
		{C3FFE129-3D22-483D-BE46-740780CAFEA0}.Debug|x64.Build.0 = Debug|x64
		{C3FFE129-3D22-483D-BE46-740780CAFEA0}.Debug|x86.ActiveCfg = Debug|Win32
		{C3FFE129-3D22-483D-BE46-740780CAFEA0}.Debug|x86.Build.0 = Debug|Win32
		{C3FFE129-3D22-483D-BE46-740780CAFEA0}.Release|x64.ActiveCfg = Release|x64
		{C3FFE129-3D22-483D-BE46-740780CAFEA0}.Release|x64.Build.0 = Release|x64
		{C3FFE129-3D22-483D-BE46-740780CAFEA0}.Release|x86.ActiveCfg = Release|Win32
		{C3FFE129-3D22-483D-BE46-740780CAFEA0}.Release|x86.Build.0 = Release|Win32
		{B6127828-DCE1-450E-88B0-E20FCD3BCAE0}.Debug|x64.ActiveCfg = Debug|x64
		{B6127828-DCE1-450E-88B0-E20FCD3BCAE0}.Debug|x64.Build.0 = Debug|x64
		{B6127828-DCE1-450E-88B0-E20FCD3BCAE0}.Debug|x86.ActiveCfg = Debug|Win32
		{B6127828-DCE1-450E-88B0-E20FCD3BCAE0}.Debug|x86.Build.0 = Debug|Win32
		{B6127828-DCE1-450E-88B0-E20FCD3BCAE0}.Release|x64.ActiveCfg = Release|x64
		{B6127828-DCE1-450E-88B0-E20FCD3BCAE0}.Release|x64.Build.0 = Release|x64
		{B6127828-DCE1-450E-88B0-E20FCD3BCAE0}.Release|x86.ActiveCfg = Release|Win32
		{B6127828-DCE1-450E-88B0-E20FCD3BCAE0}.Release|x86.Build.0 = Release|Win32
		{ABDA60FB-F850-4674-A415-26262287A734}.Debug|x64.ActiveCfg = Debug|x64
		{ABDA60FB-F850-4674-A415-26262287A734}.Debug|x64.Build.0 = Debug|x64
		{ABDA60FB-F850-4674-A415-26262287A734}.Debug|x86.ActiveCfg = Debug|Win32
		{ABDA60FB-F850-4674-A415-26262287A734}.Debug|x86.Build.0 = Debug|Win32
		{ABDA60FB-F850-4674-A415-26262287A734}.Release|x64.ActiveCfg = Release|x64
		{ABDA60FB-F850-4674-A415-26262287A734}.Release|x64.Build.0 = Release|x64
		{ABDA60FB-F850-4674-A415-26262287A734}.Release|x86.ActiveCfg = Release|Win32
		{ABDA60FB-F850-4674-A415-26262287A734}.Release|x86.Build.0 = Release|Win32
		{734C1B1E-FBB9-4327-BEF3-F885FA93DA96}.Debug|x64.ActiveCfg = Debug|x64
		{734C1B1E-FBB9-4327-BEF3-F885FA93DA96}.Debug|x64.Build.0 = Debug|x64
		{734C1B1E-FBB9-4327-BEF3-F885FA93DA96}.Debug|x86.ActiveCfg = Debug|Win32
		{734C1B1E-FBB9-4327-BEF3-F885FA93DA96}.Debug|x86.Build.0 = Debug|Win32
		{734C1B1E-FBB9-4327-BEF3-F885FA93DA96}.Release|x64.ActiveCfg = Release|x64
		{734C1B1E-FBB9-4327-BEF3-F885FA93DA96}.Release|x64.Build.0 = Release|x64
		{734C1B1E-FBB9-4327-BEF3-F885FA93DA96}.Release|x86.ActiveCfg = Release|Win32
		{734C1B1E-FBB9-4327-BEF3-F885FA93DA96}.Release|x86.Build.0 = Release|Win32
		{68A8965F-1A54-4A92-A441-17A8AC0F895A}.Debug|x64.ActiveCfg = Debug|x64
		{68A8965F-1A54-4A92-A441-17A8AC0F895A}.Debug|x64.Build.0 = Debug|x64
		{68A8965F-1A54-4A92-A441-17A8AC0F895A}.Debug|x86.ActiveCfg = Debug|Win32
		{68A8965F-1A54-4A92-A441-17A8AC0F895A}.Debug|x86.Build.0 = Debug|Win32
		{68A8965F-1A54-4A92-A441-17A8AC0F895A}.Release|x64.ActiveCfg = Release|x64
		{68A8965F-1A54-4A92-A441-17A8AC0F895A}.Release|x64.Build.0 = Release|x64
		{68A8965F-1A54-4A92-A441-17A8AC0F895A}.Release|x86.ActiveCfg = Release|Win32
		{68A8965F-1A54-4A92-A441-17A8AC0F895A}.Release|x86.Build.0 = Release|Win32
	EndGlobalSection
	GlobalSection(SolutionProperties) = preSolution
		HideSolutionNode = FALSE
	EndGlobalSection
	GlobalSection(ExtensibilityGlobals) = postSolution
		SolutionGuid = {42B56E9C-563C-473A-9803-3A800C32F881}
	EndGlobalSection
EndGlobal
